{
  "requires": true,
  "lockfileVersion": 1,
  "dependencies": {
    "@babel/runtime": {
      "version": "7.4.4",
      "resolved": "https://registry.npmjs.org/@babel/runtime/-/runtime-7.4.4.tgz",
      "integrity": "sha512-w0+uT71b6Yi7i5SE0co4NioIpSYS6lLiXvCzWzGSKvpK5vdQtCbICHMj+gbAKAOtxiV6HsVh/MBdaF9EQ6faSg==",
      "requires": {
        "regenerator-runtime": "^0.13.2"
      }
    },
    "attr-accept": {
      "version": "1.1.3",
      "resolved": "https://registry.npmjs.org/attr-accept/-/attr-accept-1.1.3.tgz",
      "integrity": "sha512-iT40nudw8zmCweivz6j58g+RT33I4KbaIvRUhjNmDwO2WmsQUxFEZZYZ5w3vXe5x5MX9D7mfvA/XaLOZYFR9EQ==",
      "requires": {
        "core-js": "^2.5.0"
      }
    },
    "baseui": {
      "version": "6.17.3",
      "resolved": "https://registry.npmjs.org/baseui/-/baseui-6.17.3.tgz",
      "integrity": "sha512-CiI2cZFKfeyp4XclxObv8Nzq28sE6LOziY2w6lXND0WFZM14GJQQjcFpfvdAG6l8ONaPIJl00NVK6I9vedktsA==",
      "requires": {
        "date-fns": "2.0.0-alpha.27",
        "focus-trap": "^5.0.0",
        "just-extend": "^4.0.2",
        "memoize-one": "^5.0.0",
        "polished": "^3.2.0",
        "popper.js": "^1.14.3",
        "react-dropzone": "^9.0.0",
        "react-input-mask": "^2.0.4",
        "react-movable": "^2.0.1",
        "react-range": "^1.0.5",
        "smoothscroll-polyfill": "^0.4.3",
        "timezone-support": "^1.8.1"
      }
    },
    "bowser": {
      "version": "1.9.4",
      "resolved": "https://registry.npmjs.org/bowser/-/bowser-1.9.4.tgz",
      "integrity": "sha512-9IdMmj2KjigRq6oWhmwv1W36pDuA4STQZ8q6YO9um+x07xgYNCD3Oou+WP/3L1HNz7iqythGet3/p4wvc8AAwQ=="
    },
    "commander": {
      "version": "2.19.0",
      "resolved": "https://registry.npmjs.org/commander/-/commander-2.19.0.tgz",
      "integrity": "sha512-6tvAOO+D6OENvRAh524Dh9jcfKTYDQAqvqezbCW82xj5X0pSrcpxtvRKHLG0yBY6SD7PSDrJaj+0AiOcKVd1Xg=="
    },
    "core-js": {
      "version": "2.6.5",
      "resolved": "https://registry.npmjs.org/core-js/-/core-js-2.6.5.tgz",
      "integrity": "sha512-klh/kDpwX8hryYL14M9w/xei6vrv6sE8gTHDG7/T/+SEovB/G4ejwcfE/CBzO6Edsu+OETZMZ3wcX/EjUkrl5A=="
    },
    "css-in-js-utils": {
      "version": "2.0.1",
      "resolved": "https://registry.npmjs.org/css-in-js-utils/-/css-in-js-utils-2.0.1.tgz",
      "integrity": "sha512-PJF0SpJT+WdbVVt0AOYp9C8GnuruRlL/UFW7932nLWmFLQTaWEzTBQEx7/hn4BuV+WON75iAViSUJLiU3PKbpA==",
      "requires": {
        "hyphenate-style-name": "^1.0.2",
        "isobject": "^3.0.1"
      }
    },
    "date-fns": {
      "version": "2.0.0-alpha.27",
      "resolved": "https://registry.npmjs.org/date-fns/-/date-fns-2.0.0-alpha.27.tgz",
      "integrity": "sha512-cqfVLS+346P/Mpj2RpDrBv0P4p2zZhWWvfY5fuWrXNR/K38HaAGEkeOwb47hIpQP9Jr/TIxjZ2/sNMQwdXuGMg=="
    },
    "file-selector": {
      "version": "0.1.11",
      "resolved": "https://registry.npmjs.org/file-selector/-/file-selector-0.1.11.tgz",
      "integrity": "sha512-NopCegJ7QuoqVzUdSLcZb0M9IFO69CSFZzuZhZBasfQxepNwa1ehL6L9UKe3EyBof3EUeraccfJocLCRAvtxdg==",
      "requires": {
        "tslib": "^1.9.0"
      }
    },
    "focus-trap": {
      "version": "5.0.0",
      "resolved": "https://registry.npmjs.org/focus-trap/-/focus-trap-5.0.0.tgz",
      "integrity": "sha512-ECigB+4yoFBIpzQ0uO+ReM1yU4I4pVxuRSe2W24ElcWo4nJLRCb6amo2wLYEaPXgZ/mt0sSAW0ZNYkgiMrz4fQ==",
      "requires": {
        "tabbable": "^4.0.0",
        "xtend": "^4.0.1"
      }
    },
    "graphql-type-json": {
      "version": "0.3.0",
      "resolved": "https://registry.npmjs.org/graphql-type-json/-/graphql-type-json-0.3.0.tgz",
      "integrity": "sha512-lnxg5HiB95yxy+/5cDKtP6pZo0zgntsOmqsjeCBXFGJ4YoMF3+1YaSEKWJntNTu+VsAm3zf6lPxFpp1kxzofLA=="
    },
    "hyphenate-style-name": {
      "version": "1.0.3",
      "resolved": "https://registry.npmjs.org/hyphenate-style-name/-/hyphenate-style-name-1.0.3.tgz",
      "integrity": "sha512-EcuixamT82oplpoJ2XU4pDtKGWQ7b00CD9f1ug9IaQ3p1bkHMiKCZ9ut9QDI6qsa6cpUuB+A/I+zLtdNK4n2DQ=="
    },
    "inline-style-prefixer": {
      "version": "4.0.2",
      "resolved": "https://registry.npmjs.org/inline-style-prefixer/-/inline-style-prefixer-4.0.2.tgz",
      "integrity": "sha512-N8nVhwfYga9MiV9jWlwfdj1UDIaZlBFu4cJSJkIr7tZX7sHpHhGR5su1qdpW+7KPL8ISTvCIkcaFi/JdBknvPg==",
      "requires": {
        "bowser": "^1.7.3",
        "css-in-js-utils": "^2.0.0"
      }
    },
    "invariant": {
      "version": "2.2.4",
      "resolved": "https://registry.npmjs.org/invariant/-/invariant-2.2.4.tgz",
      "integrity": "sha512-phJfQVBuaJM5raOpJjSfkiD6BpbCE4Ns//LaXl6wGYtUBY83nWS6Rf9tXm2e8VaK60JEjYldbPif/A2B1C2gNA==",
      "requires": {
        "loose-envify": "^1.0.0"
      }
    },
    "isobject": {
      "version": "3.0.1",
      "resolved": "https://registry.npmjs.org/isobject/-/isobject-3.0.1.tgz",
      "integrity": "sha1-TkMekrEalzFjaqH5yNHMvP2reN8="
    },
    "js-tokens": {
      "version": "4.0.0",
      "resolved": "https://registry.npmjs.org/js-tokens/-/js-tokens-4.0.0.tgz",
      "integrity": "sha512-RdJUflcE3cUzKiMqQgsCu06FPu9UdIJO0beYbPhHN4k6apgJtifcoCtT9bcxOpYBtpD2kCM6Sbzg4CausW/PKQ=="
    },
    "just-extend": {
      "version": "4.0.2",
      "resolved": "https://registry.npmjs.org/just-extend/-/just-extend-4.0.2.tgz",
      "integrity": "sha512-FrLwOgm+iXrPV+5zDU6Jqu4gCRXbWEQg2O3SKONsWE4w7AXFRkryS53bpWdaL9cNol+AmR3AEYz6kn+o0fCPnw=="
    },
    "lodash": {
      "version": "4.17.11",
      "resolved": "https://registry.npmjs.org/lodash/-/lodash-4.17.11.tgz",
      "integrity": "sha512-cQKh8igo5QUhZ7lg38DYWAxMvjSAKG0A8wGSVimP07SIUEK2UO+arSRKbRZWtelMtN5V0Hkwh5ryOto/SshYIg=="
    },
    "loose-envify": {
      "version": "1.4.0",
      "resolved": "https://registry.npmjs.org/loose-envify/-/loose-envify-1.4.0.tgz",
      "integrity": "sha512-lyuxPGr/Wfhrlem2CL/UcnUc1zcqKAImBDzukY7Y5F/yQiNdko6+fRLevlw1HgMySw7f611UIY408EtxRSoK3Q==",
      "requires": {
        "js-tokens": "^3.0.0 || ^4.0.0"
      }
    },
    "memoize-one": {
      "version": "5.0.4",
      "resolved": "https://registry.npmjs.org/memoize-one/-/memoize-one-5.0.4.tgz",
      "integrity": "sha512-P0z5IeAH6qHHGkJIXWw0xC2HNEgkx/9uWWBQw64FJj3/ol14VYdfVGWWr0fXfjhhv3TKVIqUq65os6O4GUNksA=="
    },
    "object-assign": {
      "version": "4.1.1",
      "resolved": "https://registry.npmjs.org/object-assign/-/object-assign-4.1.1.tgz",
      "integrity": "sha1-IQmtx5ZYh8/AXLvUQsrIv7s2CGM="
    },
    "polished": {
      "version": "3.3.0",
      "resolved": "https://registry.npmjs.org/polished/-/polished-3.3.0.tgz",
      "integrity": "sha512-R04iFBAViTVQ5vMZqhwCZPcG3Av4WyUP2kxTfsr+yNoO60CXai9u7YMlExZZh56/DRoCamXKbusaTbTsBX0vtw==",
      "requires": {
        "@babel/runtime": "^7.4.4"
      }
    },
    "popper.js": {
      "version": "1.15.0",
      "resolved": "https://registry.npmjs.org/popper.js/-/popper.js-1.15.0.tgz",
      "integrity": "sha512-w010cY1oCUmI+9KwwlWki+r5jxKfTFDVoadl7MSrIujHU5MJ5OR6HTDj6Xo8aoR/QsA56x8jKjA59qGH4ELtrA=="
    },
    "prop-types": {
      "version": "15.7.2",
      "resolved": "https://registry.npmjs.org/prop-types/-/prop-types-15.7.2.tgz",
      "integrity": "sha512-8QQikdH7//R2vurIJSutZ1smHYTcLpRWEOlHnzcWHmBYrOGUysKwSsrC89BCiFj3CbrfJ/nXFdJepOVrY1GCHQ==",
      "requires": {
        "loose-envify": "^1.4.0",
        "object-assign": "^4.1.1",
        "react-is": "^16.8.1"
      }
    },
    "prop-types-extra": {
      "version": "1.1.0",
      "resolved": "https://registry.npmjs.org/prop-types-extra/-/prop-types-extra-1.1.0.tgz",
      "integrity": "sha512-QFyuDxvMipmIVKD2TwxLVPzMnO4e5oOf1vr3tJIomL8E7d0lr6phTHd5nkPhFIzTD1idBLLEPeylL9g+rrTzRg==",
      "requires": {
        "react-is": "^16.3.2",
        "warning": "^3.0.0"
      }
    },
    "react-dropzone": {
      "version": "9.0.0",
      "resolved": "https://registry.npmjs.org/react-dropzone/-/react-dropzone-9.0.0.tgz",
      "integrity": "sha512-wZ2o9B2qkdE3RumWhfyZT9swgJYJPeU5qHEcMU8weYpmLex1eeWX0CC32/Y0VutB+BBi2D+iePV/YZIiB4kZGw==",
      "requires": {
        "attr-accept": "^1.1.3",
        "file-selector": "^0.1.8",
        "prop-types": "^15.6.2",
        "prop-types-extra": "^1.1.0"
      }
    },
    "react-input-mask": {
      "version": "2.0.4",
      "resolved": "https://registry.npmjs.org/react-input-mask/-/react-input-mask-2.0.4.tgz",
      "integrity": "sha512-1hwzMr/aO9tXfiroiVCx5EtKohKwLk/NT8QlJXHQ4N+yJJFyUuMT+zfTpLBwX/lK3PkuMlievIffncpMZ3HGRQ==",
      "requires": {
        "invariant": "^2.2.4",
        "warning": "^4.0.2"
      },
      "dependencies": {
        "warning": {
          "version": "4.0.3",
          "resolved": "https://registry.npmjs.org/warning/-/warning-4.0.3.tgz",
          "integrity": "sha512-rpJyN222KWIvHJ/F53XSZv0Zl/accqHR8et1kpaMTD/fLCRxtV8iX8czMzY7sVZupTI3zcUTg8eycS2kNF9l6w==",
          "requires": {
            "loose-envify": "^1.0.0"
          }
        }
      }
    },
    "react-is": {
      "version": "16.8.6",
      "resolved": "https://registry.npmjs.org/react-is/-/react-is-16.8.6.tgz",
      "integrity": "sha512-aUk3bHfZ2bRSVFFbbeVS4i+lNPZr3/WM5jT2J5omUVV1zzcs1nAaf3l51ctA5FFvCRbhrH0bdAsRRQddFJZPtA=="
    },
    "react-movable": {
      "version": "2.0.2",
      "resolved": "https://registry.npmjs.org/react-movable/-/react-movable-2.0.2.tgz",
      "integrity": "sha512-LRfUGomI+9ajPDkUAY6Acb0KI0a50ybX3YjFYSVyWHIytxUWf9UiN2Z7XoimRbBHvLElz+4WUUkgTtgRLMWHWw=="
    },
    "react-range": {
      "version": "1.0.5",
      "resolved": "https://registry.npmjs.org/react-range/-/react-range-1.0.5.tgz",
      "integrity": "sha512-luKKnGOBhiv9/7U8qWuG4JEWd3M2c+cvJQRtbEMFZ6t6QMUWIttv0fo9lnHdjVvHRO6CAWhWV5IbRNC7afmhSg=="
    },
    "regenerator-runtime": {
      "version": "0.13.2",
      "resolved": "https://registry.npmjs.org/regenerator-runtime/-/regenerator-runtime-0.13.2.tgz",
      "integrity": "sha512-S/TQAZJO+D3m9xeN1WTI8dLKBBiRgXBlTJvbWjCThHWZj9EvHK70Ff50/tYj2J/fvBY6JtFVwRuazHN2E7M9BA=="
    },
    "smoothscroll-polyfill": {
      "version": "0.4.4",
      "resolved": "https://registry.npmjs.org/smoothscroll-polyfill/-/smoothscroll-polyfill-0.4.4.tgz",
      "integrity": "sha512-TK5ZA9U5RqCwMpfoMq/l1mrH0JAR7y7KRvOBx0n2869aLxch+gT9GhN3yUfjiw+d/DiF1mKo14+hd62JyMmoBg=="
    },
    "styletron-engine-atomic": {
      "version": "1.1.2",
      "resolved": "https://registry.npmjs.org/styletron-engine-atomic/-/styletron-engine-atomic-1.1.2.tgz",
      "integrity": "sha512-6N258sCi5dyjvITKqJkaJG1AZxOyXY7xuedetJeMlcgjfxTVSPZi0+EYJlcGr9MGnqxJerAMNpq2CtI7jrQ67A==",
      "requires": {
        "inline-style-prefixer": "^4.0.0",
        "styletron-standard": "^2.0.3"
      }
    },
    "styletron-react": {
      "version": "5.0.1",
      "resolved": "https://registry.npmjs.org/styletron-react/-/styletron-react-5.0.1.tgz",
      "integrity": "sha512-rwr9fqfFBbkzxOUDxeIzZbhzZfWGmegsUY9Vr+cF0kCpqTl1M3ah5JBuvTECkEtt5v3CXhES19JV8nbIVtt5gQ==",
      "requires": {
        "prop-types": "^15.6.0",
        "styletron-standard": "^2.0.3"
      }
    },
    "styletron-standard": {
      "version": "2.0.3",
      "resolved": "https://registry.npmjs.org/styletron-standard/-/styletron-standard-2.0.3.tgz",
      "integrity": "sha512-p+BdWQn9oDClym/mGaTcZerQwSklKv/m1cBM2ETLACBsBLHp1f+UqglurxTD6nKv/mrHwXglE3t6qhuhD8dNTA==",
      "requires": {
        "inline-style-prefixer": "^4.0.0"
      }
    },
    "tabbable": {
      "version": "4.0.0",
      "resolved": "https://registry.npmjs.org/tabbable/-/tabbable-4.0.0.tgz",
      "integrity": "sha512-H1XoH1URcBOa/rZZWxLxHCtOdVUEev+9vo5YdYhC9tCY4wnybX+VQrCYuy9ubkg69fCBxCONJOSLGfw0DWMffQ=="
    },
    "timezone-support": {
      "version": "1.8.1",
      "resolved": "https://registry.npmjs.org/timezone-support/-/timezone-support-1.8.1.tgz",
      "integrity": "sha512-+pKzxoUe4PZXaQcswceJlA+69oRyyu1uivnYKdpsC7eGzZiuvTLbU4WYPqTKslEsoSvjN8k/u/6qNfGikBB/wA==",
      "requires": {
        "commander": "2.19.0"
      }
    },
    "tslib": {
      "version": "1.9.3",
      "resolved": "https://registry.npmjs.org/tslib/-/tslib-1.9.3.tgz",
      "integrity": "sha512-4krF8scpejhaOgqzBEcGM7yDIEfi0/8+8zDRZhNZZ2kjmHJ4hv3zCbQWxoJGz1iw5U0Jl0nma13xzHXcncMavQ=="
    },
    "warning": {
      "version": "3.0.0",
      "resolved": "https://registry.npmjs.org/warning/-/warning-3.0.0.tgz",
      "integrity": "sha1-MuU3fLVy3kqwR1O9+IIcAe1gW3w=",
      "requires": {
        "loose-envify": "^1.0.0"
      }
    },
    "xtend": {
      "version": "4.0.1",
      "resolved": "https://registry.npmjs.org/xtend/-/xtend-4.0.1.tgz",
      "integrity": "sha1-pcbVMr5lbiPbgg77lDofBJmNY68="
    }
  }
}
